// !$*UTF8*$!
{
	archiveVersion = 1;
	classes = {
	};
	objectVersion = 52;
	objects = {

/* Begin PBXBuildFile section */
		D074BC6426AEF64700541E10 /* GamesListView.swift in Sources */ = {isa = PBXBuildFile; fileRef = D074BC6326AEF64700541E10 /* GamesListView.swift */; };
		D074BC6626AEF8C200541E10 /* FootballGameViewModel.swift in Sources */ = {isa = PBXBuildFile; fileRef = D074BC6526AEF8C200541E10 /* FootballGameViewModel.swift */; };
		D074BC6A26AEF9E500541E10 /* FootballMemoryGameView.swift in Sources */ = {isa = PBXBuildFile; fileRef = D074BC6926AEF9E500541E10 /* FootballMemoryGameView.swift */; };
		D074BC6D26AEFE1100541E10 /* SDWebImageSwiftUI in Frameworks */ = {isa = PBXBuildFile; productRef = D074BC6C26AEFE1100541E10 /* SDWebImageSwiftUI */; };
		D074BC7026AF07FD00541E10 /* Team.swift in Sources */ = {isa = PBXBuildFile; fileRef = D074BC6F26AF07FD00541E10 /* Team.swift */; };
		D074BC7226AF082F00541E10 /* TeamList.swift in Sources */ = {isa = PBXBuildFile; fileRef = D074BC7126AF082F00541E10 /* TeamList.swift */; };
		D074BC7426AF0DD800541E10 /* YouWonView.swift in Sources */ = {isa = PBXBuildFile; fileRef = D074BC7326AF0DD800541E10 /* YouWonView.swift */; };
		D08CF21A26AC0BBB008F25A5 /* MemoryGameModel.swift in Sources */ = {isa = PBXBuildFile; fileRef = D08CF21926AC0BBB008F25A5 /* MemoryGameModel.swift */; };
		D08CF21C26AC0CA0008F25A5 /* EmojiMemoryGameViewModel.swift in Sources */ = {isa = PBXBuildFile; fileRef = D08CF21B26AC0CA0008F25A5 /* EmojiMemoryGameViewModel.swift */; };
		D08CF21E26AC1EC9008F25A5 /* CardView.swift in Sources */ = {isa = PBXBuildFile; fileRef = D08CF21D26AC1EC9008F25A5 /* CardView.swift */; };
		D08CF22126AC363C008F25A5 /* AspectVGrid.swift in Sources */ = {isa = PBXBuildFile; fileRef = D08CF22026AC363B008F25A5 /* AspectVGrid.swift */; };
		D08CF22426AC76B1008F25A5 /* Cardify.swift in Sources */ = {isa = PBXBuildFile; fileRef = D08CF22326AC76B1008F25A5 /* Cardify.swift */; };
		D0DC017A26AB3499006D281B /* MemorizeApp.swift in Sources */ = {isa = PBXBuildFile; fileRef = D0DC017926AB3499006D281B /* MemorizeApp.swift */; };
		D0DC017C26AB3499006D281B /* EmojiMemoryGameView.swift in Sources */ = {isa = PBXBuildFile; fileRef = D0DC017B26AB3499006D281B /* EmojiMemoryGameView.swift */; };
		D0DC017E26AB349A006D281B /* Assets.xcassets in Resources */ = {isa = PBXBuildFile; fileRef = D0DC017D26AB349A006D281B /* Assets.xcassets */; };
		D0DC018126AB349A006D281B /* Preview Assets.xcassets in Resources */ = {isa = PBXBuildFile; fileRef = D0DC018026AB349A006D281B /* Preview Assets.xcassets */; };
/* End PBXBuildFile section */

/* Begin PBXFileReference section */
		D074BC6326AEF64700541E10 /* GamesListView.swift */ = {isa = PBXFileReference; lastKnownFileType = sourcecode.swift; path = GamesListView.swift; sourceTree = "<group>"; };
		D074BC6526AEF8C200541E10 /* FootballGameViewModel.swift */ = {isa = PBXFileReference; lastKnownFileType = sourcecode.swift; path = FootballGameViewModel.swift; sourceTree = "<group>"; };
		D074BC6926AEF9E500541E10 /* FootballMemoryGameView.swift */ = {isa = PBXFileReference; fileEncoding = 4; lastKnownFileType = sourcecode.swift; path = FootballMemoryGameView.swift; sourceTree = "<group>"; };
		D074BC6F26AF07FD00541E10 /* Team.swift */ = {isa = PBXFileReference; lastKnownFileType = sourcecode.swift; path = Team.swift; sourceTree = "<group>"; };
		D074BC7126AF082F00541E10 /* TeamList.swift */ = {isa = PBXFileReference; lastKnownFileType = sourcecode.swift; path = TeamList.swift; sourceTree = "<group>"; };
		D074BC7326AF0DD800541E10 /* YouWonView.swift */ = {isa = PBXFileReference; lastKnownFileType = sourcecode.swift; path = YouWonView.swift; sourceTree = "<group>"; };
		D08CF21926AC0BBB008F25A5 /* MemoryGameModel.swift */ = {isa = PBXFileReference; lastKnownFileType = sourcecode.swift; path = MemoryGameModel.swift; sourceTree = "<group>"; };
		D08CF21B26AC0CA0008F25A5 /* EmojiMemoryGameViewModel.swift */ = {isa = PBXFileReference; lastKnownFileType = sourcecode.swift; path = EmojiMemoryGameViewModel.swift; sourceTree = "<group>"; };
		D08CF21D26AC1EC9008F25A5 /* CardView.swift */ = {isa = PBXFileReference; lastKnownFileType = sourcecode.swift; path = CardView.swift; sourceTree = "<group>"; };
		D08CF22026AC363B008F25A5 /* AspectVGrid.swift */ = {isa = PBXFileReference; lastKnownFileType = sourcecode.swift; path = AspectVGrid.swift; sourceTree = "<group>"; };
		D08CF22326AC76B1008F25A5 /* Cardify.swift */ = {isa = PBXFileReference; lastKnownFileType = sourcecode.swift; path = Cardify.swift; sourceTree = "<group>"; };
		D0DC017626AB3499006D281B /* Memorize.app */ = {isa = PBXFileReference; explicitFileType = wrapper.application; includeInIndex = 0; path = Memorize.app; sourceTree = BUILT_PRODUCTS_DIR; };
		D0DC017926AB3499006D281B /* MemorizeApp.swift */ = {isa = PBXFileReference; lastKnownFileType = sourcecode.swift; path = MemorizeApp.swift; sourceTree = "<group>"; };
		D0DC017B26AB3499006D281B /* EmojiMemoryGameView.swift */ = {isa = PBXFileReference; lastKnownFileType = sourcecode.swift; path = EmojiMemoryGameView.swift; sourceTree = "<group>"; };
		D0DC017D26AB349A006D281B /* Assets.xcassets */ = {isa = PBXFileReference; lastKnownFileType = folder.assetcatalog; path = Assets.xcassets; sourceTree = "<group>"; };
		D0DC018026AB349A006D281B /* Preview Assets.xcassets */ = {isa = PBXFileReference; lastKnownFileType = folder.assetcatalog; path = "Preview Assets.xcassets"; sourceTree = "<group>"; };
		D0DC018226AB349A006D281B /* Info.plist */ = {isa = PBXFileReference; lastKnownFileType = text.plist.xml; path = Info.plist; sourceTree = "<group>"; };
/* End PBXFileReference section */

/* Begin PBXFrameworksBuildPhase section */
		D0DC017326AB3499006D281B /* Frameworks */ = {
			isa = PBXFrameworksBuildPhase;
			buildActionMask = 2147483647;
			files = (
				D074BC6D26AEFE1100541E10 /* SDWebImageSwiftUI in Frameworks */,
			);
			runOnlyForDeploymentPostprocessing = 0;
		};
/* End PBXFrameworksBuildPhase section */

/* Begin PBXGroup section */
		D074BC6E26AF07EC00541E10 /* Model */ = {
			isa = PBXGroup;
			children = (
				D08CF21926AC0BBB008F25A5 /* MemoryGameModel.swift */,
				D074BC6F26AF07FD00541E10 /* Team.swift */,
				D074BC7126AF082F00541E10 /* TeamList.swift */,
			);
			path = Model;
			sourceTree = "<group>";
		};
		D08CF21F26AC1ED0008F25A5 /* View */ = {
			isa = PBXGroup;
			children = (
				D08CF22226AC76A0008F25A5 /* ViewModifier */,
				D0DC017B26AB3499006D281B /* EmojiMemoryGameView.swift */,
				D074BC6926AEF9E500541E10 /* FootballMemoryGameView.swift */,
				D08CF21D26AC1EC9008F25A5 /* CardView.swift */,
				D08CF22026AC363B008F25A5 /* AspectVGrid.swift */,
				D074BC6326AEF64700541E10 /* GamesListView.swift */,
				D074BC7326AF0DD800541E10 /* YouWonView.swift */,
			);
			path = View;
			sourceTree = "<group>";
		};
		D08CF22226AC76A0008F25A5 /* ViewModifier */ = {
			isa = PBXGroup;
			children = (
				D08CF22326AC76B1008F25A5 /* Cardify.swift */,
			);
			path = ViewModifier;
			sourceTree = "<group>";
		};
		D0DC016D26AB3499006D281B = {
			isa = PBXGroup;
			children = (
				D0DC017826AB3499006D281B /* Memorize */,
				D0DC017726AB3499006D281B /* Products */,
			);
			sourceTree = "<group>";
		};
		D0DC017726AB3499006D281B /* Products */ = {
			isa = PBXGroup;
			children = (
				D0DC017626AB3499006D281B /* Memorize.app */,
			);
			name = Products;
			sourceTree = "<group>";
		};
		D0DC017826AB3499006D281B /* Memorize */ = {
			isa = PBXGroup;
			children = (
				D074BC6E26AF07EC00541E10 /* Model */,
				D08CF21F26AC1ED0008F25A5 /* View */,
				D0DC017926AB3499006D281B /* MemorizeApp.swift */,
				D0DC017D26AB349A006D281B /* Assets.xcassets */,
				D0DC018226AB349A006D281B /* Info.plist */,
				D0DC017F26AB349A006D281B /* Preview Content */,
				D074BC6526AEF8C200541E10 /* FootballGameViewModel.swift */,
				D08CF21B26AC0CA0008F25A5 /* EmojiMemoryGameViewModel.swift */,
			);
			path = Memorize;
			sourceTree = "<group>";
		};
		D0DC017F26AB349A006D281B /* Preview Content */ = {
			isa = PBXGroup;
			children = (
				D0DC018026AB349A006D281B /* Preview Assets.xcassets */,
			);
			path = "Preview Content";
			sourceTree = "<group>";
		};
/* End PBXGroup section */

/* Begin PBXNativeTarget section */
		D0DC017526AB3499006D281B /* Memorize */ = {
			isa = PBXNativeTarget;
			buildConfigurationList = D0DC018526AB349A006D281B /* Build configuration list for PBXNativeTarget "Memorize" */;
			buildPhases = (
				D0DC017226AB3499006D281B /* Sources */,
				D0DC017326AB3499006D281B /* Frameworks */,
				D0DC017426AB3499006D281B /* Resources */,
			);
			buildRules = (
			);
			dependencies = (
			);
			name = Memorize;
			packageProductDependencies = (
				D074BC6C26AEFE1100541E10 /* SDWebImageSwiftUI */,
			);
			productName = Memorize;
			productReference = D0DC017626AB3499006D281B /* Memorize.app */;
			productType = "com.apple.product-type.application";
		};
/* End PBXNativeTarget section */

/* Begin PBXProject section */
		D0DC016E26AB3499006D281B /* Project object */ = {
			isa = PBXProject;
			attributes = {
				LastSwiftUpdateCheck = 1250;
				LastUpgradeCheck = 1250;
				TargetAttributes = {
					D0DC017526AB3499006D281B = {
						CreatedOnToolsVersion = 12.5.1;
					};
				};
			};
			buildConfigurationList = D0DC017126AB3499006D281B /* Build configuration list for PBXProject "Memorize" */;
			compatibilityVersion = "Xcode 9.3";
			developmentRegion = en;
			hasScannedForEncodings = 0;
			knownRegions = (
				en,
				Base,
			);
			mainGroup = D0DC016D26AB3499006D281B;
			packageReferences = (
				D074BC6B26AEFE1100541E10 /* XCRemoteSwiftPackageReference "SDWebImageSwiftUI" */,
			);
			productRefGroup = D0DC017726AB3499006D281B /* Products */;
			projectDirPath = "";
			projectRoot = "";
			targets = (
				D0DC017526AB3499006D281B /* Memorize */,
			);
		};
/* End PBXProject section */

/* Begin PBXResourcesBuildPhase section */
		D0DC017426AB3499006D281B /* Resources */ = {
			isa = PBXResourcesBuildPhase;
			buildActionMask = 2147483647;
			files = (
				D0DC018126AB349A006D281B /* Preview Assets.xcassets in Resources */,
				D0DC017E26AB349A006D281B /* Assets.xcassets in Resources */,
			);
			runOnlyForDeploymentPostprocessing = 0;
		};
/* End PBXResourcesBuildPhase section */

/* Begin PBXSourcesBuildPhase section */
		D0DC017226AB3499006D281B /* Sources */ = {
			isa = PBXSourcesBuildPhase;
			buildActionMask = 2147483647;
			files = (
				D08CF21C26AC0CA0008F25A5 /* EmojiMemoryGameViewModel.swift in Sources */,
				D08CF22426AC76B1008F25A5 /* Cardify.swift in Sources */,
				D074BC6426AEF64700541E10 /* GamesListView.swift in Sources */,
				D074BC7426AF0DD800541E10 /* YouWonView.swift in Sources */,
				D0DC017C26AB3499006D281B /* EmojiMemoryGameView.swift in Sources */,
				D08CF22126AC363C008F25A5 /* AspectVGrid.swift in Sources */,
				D0DC017A26AB3499006D281B /* MemorizeApp.swift in Sources */,
				D074BC6A26AEF9E500541E10 /* FootballMemoryGameView.swift in Sources */,
				D08CF21A26AC0BBB008F25A5 /* MemoryGameModel.swift in Sources */,
				D074BC7226AF082F00541E10 /* TeamList.swift in Sources */,
				D074BC7026AF07FD00541E10 /* Team.swift in Sources */,
				D08CF21E26AC1EC9008F25A5 /* CardView.swift in Sources */,
				D074BC6626AEF8C200541E10 /* FootballGameViewModel.swift in Sources */,
			);
			runOnlyForDeploymentPostprocessing = 0;
		};
/* End PBXSourcesBuildPhase section */

/* Begin XCBuildConfiguration section */
		D0DC018326AB349A006D281B /* Debug */ = {
			isa = XCBuildConfiguration;
			buildSettings = {
				ALWAYS_SEARCH_USER_PATHS = NO;
				CLANG_ANALYZER_NONNULL = YES;
				CLANG_ANALYZER_NUMBER_OBJECT_CONVERSION = YES_AGGRESSIVE;
				CLANG_CXX_LANGUAGE_STANDARD = "gnu++14";
				CLANG_CXX_LIBRARY = "libc++";
				CLANG_ENABLE_MODULES = YES;
				CLANG_ENABLE_OBJC_ARC = YES;
				CLANG_ENABLE_OBJC_WEAK = YES;
				CLANG_WARN_BLOCK_CAPTURE_AUTORELEASING = YES;
				CLANG_WARN_BOOL_CONVERSION = YES;
				CLANG_WARN_COMMA = YES;
				CLANG_WARN_CONSTANT_CONVERSION = YES;
				CLANG_WARN_DEPRECATED_OBJC_IMPLEMENTATIONS = YES;
				CLANG_WARN_DIRECT_OBJC_ISA_USAGE = YES_ERROR;
				CLANG_WARN_DOCUMENTATION_COMMENTS = YES;
				CLANG_WARN_EMPTY_BODY = YES;
				CLANG_WARN_ENUM_CONVERSION = YES;
				CLANG_WARN_INFINITE_RECURSION = YES;
				CLANG_WARN_INT_CONVERSION = YES;
				CLANG_WARN_NON_LITERAL_NULL_CONVERSION = YES;
				CLANG_WARN_OBJC_IMPLICIT_RETAIN_SELF = YES;
				CLANG_WARN_OBJC_LITERAL_CONVERSION = YES;
				CLANG_WARN_OBJC_ROOT_CLASS = YES_ERROR;
				CLANG_WARN_QUOTED_INCLUDE_IN_FRAMEWORK_HEADER = YES;
				CLANG_WARN_RANGE_LOOP_ANALYSIS = YES;
				CLANG_WARN_STRICT_PROTOTYPES = YES;
				CLANG_WARN_SUSPICIOUS_MOVE = YES;
				CLANG_WARN_UNGUARDED_AVAILABILITY = YES_AGGRESSIVE;
				CLANG_WARN_UNREACHABLE_CODE = YES;
				CLANG_WARN__DUPLICATE_METHOD_MATCH = YES;
				COPY_PHASE_STRIP = NO;
				DEBUG_INFORMATION_FORMAT = dwarf;
				ENABLE_STRICT_OBJC_MSGSEND = YES;
				ENABLE_TESTABILITY = YES;
				GCC_C_LANGUAGE_STANDARD = gnu11;
				GCC_DYNAMIC_NO_PIC = NO;
				GCC_NO_COMMON_BLOCKS = YES;
				GCC_OPTIMIZATION_LEVEL = 0;
				GCC_PREPROCESSOR_DEFINITIONS = (
					"DEBUG=1",
					"$(inherited)",
				);
				GCC_WARN_64_TO_32_BIT_CONVERSION = YES;
				GCC_WARN_ABOUT_RETURN_TYPE = YES_ERROR;
				GCC_WARN_UNDECLARED_SELECTOR = YES;
				GCC_WARN_UNINITIALIZED_AUTOS = YES_AGGRESSIVE;
				GCC_WARN_UNUSED_FUNCTION = YES;
				GCC_WARN_UNUSED_VARIABLE = YES;
				IPHONEOS_DEPLOYMENT_TARGET = 14.5;
				MTL_ENABLE_DEBUG_INFO = INCLUDE_SOURCE;
				MTL_FAST_MATH = YES;
				ONLY_ACTIVE_ARCH = YES;
				SDKROOT = iphoneos;
				SWIFT_ACTIVE_COMPILATION_CONDITIONS = DEBUG;
				SWIFT_OPTIMIZATION_LEVEL = "-Onone";
			};
			name = Debug;
		};
		D0DC018426AB349A006D281B /* Release */ = {
			isa = XCBuildConfiguration;
			buildSettings = {
				ALWAYS_SEARCH_USER_PATHS = NO;
				CLANG_ANALYZER_NONNULL = YES;
				CLANG_ANALYZER_NUMBER_OBJECT_CONVERSION = YES_AGGRESSIVE;
				CLANG_CXX_LANGUAGE_STANDARD = "gnu++14";
				CLANG_CXX_LIBRARY = "libc++";
				CLANG_ENABLE_MODULES = YES;
				CLANG_ENABLE_OBJC_ARC = YES;
				CLANG_ENABLE_OBJC_WEAK = YES;
				CLANG_WARN_BLOCK_CAPTURE_AUTORELEASING = YES;
				CLANG_WARN_BOOL_CONVERSION = YES;
				CLANG_WARN_COMMA = YES;
				CLANG_WARN_CONSTANT_CONVERSION = YES;
				CLANG_WARN_DEPRECATED_OBJC_IMPLEMENTATIONS = YES;
				CLANG_WARN_DIRECT_OBJC_ISA_USAGE = YES_ERROR;
				CLANG_WARN_DOCUMENTATION_COMMENTS = YES;
				CLANG_WARN_EMPTY_BODY = YES;
				CLANG_WARN_ENUM_CONVERSION = YES;
				CLANG_WARN_INFINITE_RECURSION = YES;
				CLANG_WARN_INT_CONVERSION = YES;
				CLANG_WARN_NON_LITERAL_NULL_CONVERSION = YES;
				CLANG_WARN_OBJC_IMPLICIT_RETAIN_SELF = YES;
				CLANG_WARN_OBJC_LITERAL_CONVERSION = YES;
				CLANG_WARN_OBJC_ROOT_CLASS = YES_ERROR;
				CLANG_WARN_QUOTED_INCLUDE_IN_FRAMEWORK_HEADER = YES;
				CLANG_WARN_RANGE_LOOP_ANALYSIS = YES;
				CLANG_WARN_STRICT_PROTOTYPES = YES;
				CLANG_WARN_SUSPICIOUS_MOVE = YES;
				CLANG_WARN_UNGUARDED_AVAILABILITY = YES_AGGRESSIVE;
				CLANG_WARN_UNREACHABLE_CODE = YES;
				CLANG_WARN__DUPLICATE_METHOD_MATCH = YES;
				COPY_PHASE_STRIP = NO;
				DEBUG_INFORMATION_FORMAT = "dwarf-with-dsym";
				ENABLE_NS_ASSERTIONS = NO;
				ENABLE_STRICT_OBJC_MSGSEND = YES;
				GCC_C_LANGUAGE_STANDARD = gnu11;
				GCC_NO_COMMON_BLOCKS = YES;
				GCC_WARN_64_TO_32_BIT_CONVERSION = YES;
				GCC_WARN_ABOUT_RETURN_TYPE = YES_ERROR;
				GCC_WARN_UNDECLARED_SELECTOR = YES;
				GCC_WARN_UNINITIALIZED_AUTOS = YES_AGGRESSIVE;
				GCC_WARN_UNUSED_FUNCTION = YES;
				GCC_WARN_UNUSED_VARIABLE = YES;
				IPHONEOS_DEPLOYMENT_TARGET = 14.5;
				MTL_ENABLE_DEBUG_INFO = NO;
				MTL_FAST_MATH = YES;
				SDKROOT = iphoneos;
				SWIFT_COMPILATION_MODE = wholemodule;
				SWIFT_OPTIMIZATION_LEVEL = "-O";
				VALIDATE_PRODUCT = YES;
			};
			name = Release;
		};
		D0DC018626AB349A006D281B /* Debug */ = {
			isa = XCBuildConfiguration;
			buildSettings = {
				ASSETCATALOG_COMPILER_APPICON_NAME = AppIcon;
				ASSETCATALOG_COMPILER_GLOBAL_ACCENT_COLOR_NAME = AccentColor;
				CODE_SIGN_STYLE = Automatic;
				DEVELOPMENT_ASSET_PATHS = "\"Memorize/Preview Content\"";
				DEVELOPMENT_TEAM = 282GM4A2S4;
				ENABLE_PREVIEWS = YES;
				INFOPLIST_FILE = Memorize/Info.plist;
				IPHONEOS_DEPLOYMENT_TARGET = 14.0;
				LD_RUNPATH_SEARCH_PATHS = (
					"$(inherited)",
					"@executable_path/Frameworks",
				);
				PRODUCT_BUNDLE_IDENTIFIER = klogi.Memorize;
				PRODUCT_NAME = "$(TARGET_NAME)";
				SWIFT_VERSION = 5.0;
				TARGETED_DEVICE_FAMILY = "1,2";
			};
			name = Debug;
		};
		D0DC018726AB349A006D281B /* Release */ = {
			isa = XCBuildConfiguration;
			buildSettings = {
				ASSETCATALOG_COMPILER_APPICON_NAME = AppIcon;
				ASSETCATALOG_COMPILER_GLOBAL_ACCENT_COLOR_NAME = AccentColor;
				CODE_SIGN_STYLE = Automatic;
				DEVELOPMENT_ASSET_PATHS = "\"Memorize/Preview Content\"";
				DEVELOPMENT_TEAM = 282GM4A2S4;
				ENABLE_PREVIEWS = YES;
				INFOPLIST_FILE = Memorize/Info.plist;
				IPHONEOS_DEPLOYMENT_TARGET = 14.0;
				LD_RUNPATH_SEARCH_PATHS = (
					"$(inherited)",
					"@executable_path/Frameworks",
				);
				PRODUCT_BUNDLE_IDENTIFIER = klogi.Memorize;
				PRODUCT_NAME = "$(TARGET_NAME)";
				SWIFT_VERSION = 5.0;
				TARGETED_DEVICE_FAMILY = "1,2";
			};
			name = Release;
		};
/* End XCBuildConfiguration section */

/* Begin XCConfigurationList section */
		D0DC017126AB3499006D281B /* Build configuration list for PBXProject "Memorize" */ = {
			isa = XCConfigurationList;
			buildConfigurations = (
				D0DC018326AB349A006D281B /* Debug */,
				D0DC018426AB349A006D281B /* Release */,
			);
			defaultConfigurationIsVisible = 0;
			defaultConfigurationName = Release;
		};
		D0DC018526AB349A006D281B /* Build configuration list for PBXNativeTarget "Memorize" */ = {
			isa = XCConfigurationList;
			buildConfigurations = (
				D0DC018626AB349A006D281B /* Debug */,
				D0DC018726AB349A006D281B /* Release */,
			);
			defaultConfigurationIsVisible = 0;
			defaultConfigurationName = Release;
		};
/* End XCConfigurationList section */

/* Begin XCRemoteSwiftPackageReference section */
		D074BC6B26AEFE1100541E10 /* XCRemoteSwiftPackageReference "SDWebImageSwiftUI" */ = {
			isa = XCRemoteSwiftPackageReference;
			repositoryURL = "https://github.com/SDWebImage/SDWebImageSwiftUI";
			requirement = {
				kind = upToNextMajorVersion;
				minimumVersion = 2.0.2;
			};
		};
/* End XCRemoteSwiftPackageReference section */

/* Begin XCSwiftPackageProductDependency section */
		D074BC6C26AEFE1100541E10 /* SDWebImageSwiftUI */ = {
			isa = XCSwiftPackageProductDependency;
			package = D074BC6B26AEFE1100541E10 /* XCRemoteSwiftPackageReference "SDWebImageSwiftUI" */;
			productName = SDWebImageSwiftUI;
		};
/* End XCSwiftPackageProductDependency section */
	};
	rootObject = D0DC016E26AB3499006D281B /* Project object */;
}
